# THIS IS AN AUTOGENERATED FILE. DO NOT EDIT THIS FILE DIRECTLY.
# yarn lockfile v1


"@types/base64-arraybuffer@^0.1.0":
  version "0.1.0"
  resolved "https://registry.yarnpkg.com/@types/base64-arraybuffer/-/base64-arraybuffer-0.1.0.tgz#739eea0a974d13ae831f96d97d882ceb0b187543"
  integrity sha512-oyV0CGER7tX6OlfnLfGze0XbsA7tfRuTtsQ2JbP8K5KBUzc24yoYRD+0XjMRQgOejvZWeIbtkNaHlE8akzj4aQ==

"@types/webappsec-credential-management@^0.3.10":
  version "0.3.10"
  resolved "https://registry.yarnpkg.com/@types/webappsec-credential-management/-/webappsec-credential-management-0.3.10.tgz#bb05afd0245382809ae291da155f46f83128f59e"
  integrity sha512-Zs6XsEw15jqbkHiVMW3YSUq2KUpkg/lojxbcdNQAevbHwI1eQBSbw3rxiVEpwFmRsY/9YR34hPLUBU6jEB1fnA==

base64-arraybuffer@^0.2.0:
  version "0.2.0"
  resolved "https://registry.yarnpkg.com/base64-arraybuffer/-/base64-arraybuffer-0.2.0.tgz#4b944fac0191aa5907afe2d8c999ccc57ce80f45"
  integrity sha512-7emyCsu1/xiBXgQZrscw/8KPRT44I4Yq9Pe6EGs3aPRTsWuggML1/1DTuZUuIaJPIm1FTDUVXl4x/yW8s0kQDQ==

typescript@^3.4.5:
  version "3.4.5"
  resolved "https://registry.yarnpkg.com/typescript/-/typescript-3.4.5.tgz#2d2618d10bb566572b8d7aad5180d84257d70a99"
  integrity sha512-YycBxUb49UUhdNMU5aJ7z5Ej2XGmaIBL0x34vZ82fn3hGvD+bgrMrVDpatgz2f7YxUMJxMkbWxJZeAvDxVe7Vw==
